<?xml version="1.0" encoding="utf-8"?>
<Project ToolsVersion="4.0" xmlns="http://schemas.microsoft.com/developer/msbuild/2003">
  <ItemGroup>
    <Filter Include="Source Files">
      <UniqueIdentifier>{4FC737F1-C7A5-4376-A066-2A32D752A2FF}</UniqueIdentifier>
      <Extensions>cpp;c;cc;cxx;def;odl;idl;hpj;bat;asm;asmx</Extensions>
    </Filter>
    <Filter Include="Header Files">
      <UniqueIdentifier>{93995380-89BD-4b04-88EB-625FBE52EBFB}</UniqueIdentifier>
      <Extensions>h;hh;hpp;hxx;hm;inl;inc;ipp;xsd</Extensions>
    </Filter>
    <Filter Include="Resource Files">
      <UniqueIdentifier>{67DA6AB6-F800-4c08-8B7A-83BB121AAD01}</UniqueIdentifier>
      <Extensions>rc;ico;cur;bmp;dlg;rc2;rct;bin;rgs;gif;jpg;jpeg;jpe;resx;tiff;tif;png;wav;mfcribbon-ms</Extensions>
    </Filter>
    <Filter Include="Header Files\Color">
      <UniqueIdentifier>{f4883f26-5e97-4125-96f6-c323d48fd769}</UniqueIdentifier>
    </Filter>
    <Filter Include="Header Files\Shapes">
      <UniqueIdentifier>{40816abb-6a21-40f5-8a89-04f5a2484c70}</UniqueIdentifier>
    </Filter>
    <Filter Include="Header Files\Material and Texture">
      <UniqueIdentifier>{06c4a6c4-0143-4b3e-85a7-52fbcd73bc39}</UniqueIdentifier>
    </Filter>
    <Filter Include="Header Files\Tracing Fundamentals">
      <UniqueIdentifier>{154b2852-f54d-47a8-ba66-b2d2ec047c80}</UniqueIdentifier>
    </Filter>
    <Filter Include="Header Files\Light">
      <UniqueIdentifier>{981a32e1-cae7-480f-b6f6-412cd3187ed0}</UniqueIdentifier>
    </Filter>
    <Filter Include="Header Files\Utility References">
      <UniqueIdentifier>{75334a4a-46d1-47fe-ae8b-f56b1b7443b0}</UniqueIdentifier>
    </Filter>
  </ItemGroup>
  <ItemGroup>
    <ClInclude Include="src\Color.h">
      <Filter>Header Files\Color</Filter>
    </ClInclude>
    <ClInclude Include="src\Pixel.h">
      <Filter>Header Files\Color</Filter>
    </ClInclude>
    <ClInclude Include="src\DirectionalLight.h">
      <Filter>Header Files\Light</Filter>
    </ClInclude>
    <ClInclude Include="src\PointLight.h">
      <Filter>Header Files\Light</Filter>
    </ClInclude>
    <ClInclude Include="src\Light.h">
      <Filter>Header Files\Light</Filter>
    </ClInclude>
    <ClInclude Include="src\SpotLight.h">
      <Filter>Header Files\Light</Filter>
    </ClInclude>
    <ClInclude Include="src\Material.h">
      <Filter>Header Files\Material and Texture</Filter>
    </ClInclude>
    <ClInclude Include="src\Texture.h">
      <Filter>Header Files\Material and Texture</Filter>
    </ClInclude>
    <ClInclude Include="src\Box.h">
      <Filter>Header Files\Shapes</Filter>
    </ClInclude>
    <ClInclude Include="src\Shape.h">
      <Filter>Header Files\Shapes</Filter>
    </ClInclude>
    <ClInclude Include="src\Sphere.h">
      <Filter>Header Files\Shapes</Filter>
    </ClInclude>
    <ClInclude Include="src\Plane.h">
      <Filter>Header Files\Shapes</Filter>
    </ClInclude>
    <ClInclude Include="src\Tracer.h">
      <Filter>Header Files\Tracing Fundamentals</Filter>
    </ClInclude>
    <ClInclude Include="src\Camera.h">
      <Filter>Header Files\Tracing Fundamentals</Filter>
    </ClInclude>
    <ClInclude Include="src\AABB.h">
      <Filter>Header Files\Shapes</Filter>
    </ClInclude>
    <ClInclude Include="src\Ray.h">
      <Filter>Header Files\Tracing Fundamentals</Filter>
    </ClInclude>
    <ClInclude Include="..\include\Container.h">
      <Filter>Header Files\Utility References</Filter>
    </ClInclude>
    <ClInclude Include="Include\Node.h">
      <Filter>Header Files\Utility References</Filter>
    </ClInclude>
    <ClInclude Include="Include\BVH.h">
      <Filter>Header Files\Utility References</Filter>
    </ClInclude>
  </ItemGroup>
  <ItemGroup>
    <ClCompile Include="src\Tracer.cpp">
      <Filter>Source Files</Filter>
    </ClCompile>
    <ClCompile Include="src\Texture.cpp">
      <Filter>Source Files</Filter>
    </ClCompile>
    <ClCompile Include="src\Sphere.cpp">
      <Filter>Source Files</Filter>
    </ClCompile>
    <ClCompile Include="src\Shape.cpp">
      <Filter>Source Files</Filter>
    </ClCompile>
    <ClCompile Include="src\Ray.cpp">
      <Filter>Source Files</Filter>
    </ClCompile>
    <ClCompile Include="src\Plane.cpp">
      <Filter>Source Files</Filter>
    </ClCompile>
    <ClCompile Include="src\main.cpp">
      <Filter>Source Files</Filter>
    </ClCompile>
    <ClCompile Include="src\Camera.cpp">
      <Filter>Source Files</Filter>
    </ClCompile>
    <ClCompile Include="src\Box.cpp">
      <Filter>Source Files</Filter>
    </ClCompile>
  </ItemGroup>
</Project>